// !$*UTF8*$!
{
	archiveVersion = 1;
	classes = {
	};
	objectVersion = 56;
	objects = {

/* Begin PBXBuildFile section */
		78714C442A1681830021BD71 /* GridPuzzleChallengeApp.swift in Sources */ = {isa = PBXBuildFile; fileRef = 78714C432A1681830021BD71 /* GridPuzzleChallengeApp.swift */; };
		78714C462A1681830021BD71 /* ContentView.swift in Sources */ = {isa = PBXBuildFile; fileRef = 78714C452A1681830021BD71 /* ContentView.swift */; };
		78714C482A1681840021BD71 /* Assets.xcassets in Resources */ = {isa = PBXBuildFile; fileRef = 78714C472A1681840021BD71 /* Assets.xcassets */; };
		78714C4B2A1681840021BD71 /* Preview Assets.xcassets in Resources */ = {isa = PBXBuildFile; fileRef = 78714C4A2A1681840021BD71 /* Preview Assets.xcassets */; };
		78714C552A1681840021BD71 /* GridPuzzleChallengeTests.swift in Sources */ = {isa = PBXBuildFile; fileRef = 78714C542A1681840021BD71 /* GridPuzzleChallengeTests.swift */; };
		78714C5F2A1681840021BD71 /* GridPuzzleChallengeUITests.swift in Sources */ = {isa = PBXBuildFile; fileRef = 78714C5E2A1681840021BD71 /* GridPuzzleChallengeUITests.swift */; };
		78714C612A1681840021BD71 /* GridPuzzleChallengeUITestsLaunchTests.swift in Sources */ = {isa = PBXBuildFile; fileRef = 78714C602A1681840021BD71 /* GridPuzzleChallengeUITestsLaunchTests.swift */; };
/* End PBXBuildFile section */

/* Begin PBXContainerItemProxy section */
		78714C512A1681840021BD71 /* PBXContainerItemProxy */ = {
			isa = PBXContainerItemProxy;
			containerPortal = 78714C382A1681830021BD71 /* Project object */;
			proxyType = 1;
			remoteGlobalIDString = 78714C3F2A1681830021BD71;
			remoteInfo = GridPuzzleChallenge;
		};
		78714C5B2A1681840021BD71 /* PBXContainerItemProxy */ = {
			isa = PBXContainerItemProxy;
			containerPortal = 78714C382A1681830021BD71 /* Project object */;
			proxyType = 1;
			remoteGlobalIDString = 78714C3F2A1681830021BD71;
			remoteInfo = GridPuzzleChallenge;
		};
/* End PBXContainerItemProxy section */

/* Begin PBXFileReference section */
		78714C402A1681830021BD71 /* GridPuzzleChallenge.app */ = {isa = PBXFileReference; explicitFileType = wrapper.application; includeInIndex = 0; path = GridPuzzleChallenge.app; sourceTree = BUILT_PRODUCTS_DIR; };
		78714C432A1681830021BD71 /* GridPuzzleChallengeApp.swift */ = {isa = PBXFileReference; lastKnownFileType = sourcecode.swift; path = GridPuzzleChallengeApp.swift; sourceTree = "<group>"; };
		78714C452A1681830021BD71 /* ContentView.swift */ = {isa = PBXFileReference; lastKnownFileType = sourcecode.swift; path = ContentView.swift; sourceTree = "<group>"; };
		78714C472A1681840021BD71 /* Assets.xcassets */ = {isa = PBXFileReference; lastKnownFileType = folder.assetcatalog; path = Assets.xcassets; sourceTree = "<group>"; };
		78714C4A2A1681840021BD71 /* Preview Assets.xcassets */ = {isa = PBXFileReference; lastKnownFileType = folder.assetcatalog; path = "Preview Assets.xcassets"; sourceTree = "<group>"; };
		78714C502A1681840021BD71 /* GridPuzzleChallengeTests.xctest */ = {isa = PBXFileReference; explicitFileType = wrapper.cfbundle; includeInIndex = 0; path = GridPuzzleChallengeTests.xctest; sourceTree = BUILT_PRODUCTS_DIR; };
		78714C542A1681840021BD71 /* GridPuzzleChallengeTests.swift */ = {isa = PBXFileReference; lastKnownFileType = sourcecode.swift; path = GridPuzzleChallengeTests.swift; sourceTree = "<group>"; };
		78714C5A2A1681840021BD71 /* GridPuzzleChallengeUITests.xctest */ = {isa = PBXFileReference; explicitFileType = wrapper.cfbundle; includeInIndex = 0; path = GridPuzzleChallengeUITests.xctest; sourceTree = BUILT_PRODUCTS_DIR; };
		78714C5E2A1681840021BD71 /* GridPuzzleChallengeUITests.swift */ = {isa = PBXFileReference; lastKnownFileType = sourcecode.swift; path = GridPuzzleChallengeUITests.swift; sourceTree = "<group>"; };
		78714C602A1681840021BD71 /* GridPuzzleChallengeUITestsLaunchTests.swift */ = {isa = PBXFileReference; lastKnownFileType = sourcecode.swift; path = GridPuzzleChallengeUITestsLaunchTests.swift; sourceTree = "<group>"; };
/* End PBXFileReference section */

/* Begin PBXFrameworksBuildPhase section */
		78714C3D2A1681830021BD71 /* Frameworks */ = {
			isa = PBXFrameworksBuildPhase;
			buildActionMask = 2147483647;
			files = (
			);
			runOnlyForDeploymentPostprocessing = 0;
		};
		78714C4D2A1681840021BD71 /* Frameworks */ = {
			isa = PBXFrameworksBuildPhase;
			buildActionMask = 2147483647;
			files = (
			);
			runOnlyForDeploymentPostprocessing = 0;
		};
		78714C572A1681840021BD71 /* Frameworks */ = {
			isa = PBXFrameworksBuildPhase;
			buildActionMask = 2147483647;
			files = (
			);
			runOnlyForDeploymentPostprocessing = 0;
		};
/* End PBXFrameworksBuildPhase section */

/* Begin PBXGroup section */
		78714C372A1681830021BD71 = {
			isa = PBXGroup;
			children = (
				78714C422A1681830021BD71 /* GridPuzzleChallenge */,
				78714C532A1681840021BD71 /* GridPuzzleChallengeTests */,
				78714C5D2A1681840021BD71 /* GridPuzzleChallengeUITests */,
				78714C412A1681830021BD71 /* Products */,
			);
			sourceTree = "<group>";
		};
		78714C412A1681830021BD71 /* Products */ = {
			isa = PBXGroup;
			children = (
				78714C402A1681830021BD71 /* GridPuzzleChallenge.app */,
				78714C502A1681840021BD71 /* GridPuzzleChallengeTests.xctest */,
				78714C5A2A1681840021BD71 /* GridPuzzleChallengeUITests.xctest */,
			);
			name = Products;
			sourceTree = "<group>";
		};
		78714C422A1681830021BD71 /* GridPuzzleChallenge */ = {
			isa = PBXGroup;
			children = (
				78714C432A1681830021BD71 /* GridPuzzleChallengeApp.swift */,
				78714C452A1681830021BD71 /* ContentView.swift */,
				78714C472A1681840021BD71 /* Assets.xcassets */,
				78714C492A1681840021BD71 /* Preview Content */,
			);
			path = GridPuzzleChallenge;
			sourceTree = "<group>";
		};
		78714C492A1681840021BD71 /* Preview Content */ = {
			isa = PBXGroup;
			children = (
				78714C4A2A1681840021BD71 /* Preview Assets.xcassets */,
			);
			path = "Preview Content";
			sourceTree = "<group>";
		};
		78714C532A1681840021BD71 /* GridPuzzleChallengeTests */ = {
			isa = PBXGroup;
			children = (
				78714C542A1681840021BD71 /* GridPuzzleChallengeTests.swift */,
			);
			path = GridPuzzleChallengeTests;
			sourceTree = "<group>";
		};
		78714C5D2A1681840021BD71 /* GridPuzzleChallengeUITests */ = {
			isa = PBXGroup;
			children = (
				78714C5E2A1681840021BD71 /* GridPuzzleChallengeUITests.swift */,
				78714C602A1681840021BD71 /* GridPuzzleChallengeUITestsLaunchTests.swift */,
			);
			path = GridPuzzleChallengeUITests;
			sourceTree = "<group>";
		};
/* End PBXGroup section */

/* Begin PBXNativeTarget section */
		78714C3F2A1681830021BD71 /* GridPuzzleChallenge */ = {
			isa = PBXNativeTarget;
			buildConfigurationList = 78714C642A1681840021BD71 /* Build configuration list for PBXNativeTarget "GridPuzzleChallenge" */;
			buildPhases = (
				78714C3C2A1681830021BD71 /* Sources */,
				78714C3D2A1681830021BD71 /* Frameworks */,
				78714C3E2A1681830021BD71 /* Resources */,
			);
			buildRules = (
			);
			dependencies = (
			);
			name = GridPuzzleChallenge;
			productName = GridPuzzleChallenge;
			productReference = 78714C402A1681830021BD71 /* GridPuzzleChallenge.app */;
			productType = "com.apple.product-type.application";
		};
		78714C4F2A1681840021BD71 /* GridPuzzleChallengeTests */ = {
			isa = PBXNativeTarget;
			buildConfigurationList = 78714C672A1681840021BD71 /* Build configuration list for PBXNativeTarget "GridPuzzleChallengeTests" */;
			buildPhases = (
				78714C4C2A1681840021BD71 /* Sources */,
				78714C4D2A1681840021BD71 /* Frameworks */,
				78714C4E2A1681840021BD71 /* Resources */,
			);
			buildRules = (
			);
			dependencies = (
				78714C522A1681840021BD71 /* PBXTargetDependency */,
			);
			name = GridPuzzleChallengeTests;
			productName = GridPuzzleChallengeTests;
			productReference = 78714C502A1681840021BD71 /* GridPuzzleChallengeTests.xctest */;
			productType = "com.apple.product-type.bundle.unit-test";
		};
		78714C592A1681840021BD71 /* GridPuzzleChallengeUITests */ = {
			isa = PBXNativeTarget;
			buildConfigurationList = 78714C6A2A1681840021BD71 /* Build configuration list for PBXNativeTarget "GridPuzzleChallengeUITests" */;
			buildPhases = (
				78714C562A1681840021BD71 /* Sources */,
				78714C572A1681840021BD71 /* Frameworks */,
				78714C582A1681840021BD71 /* Resources */,
			);
			buildRules = (
			);
			dependencies = (
				78714C5C2A1681840021BD71 /* PBXTargetDependency */,
			);
			name = GridPuzzleChallengeUITests;
			productName = GridPuzzleChallengeUITests;
			productReference = 78714C5A2A1681840021BD71 /* GridPuzzleChallengeUITests.xctest */;
			productType = "com.apple.product-type.bundle.ui-testing";
		};
/* End PBXNativeTarget section */

/* Begin PBXProject section */
		78714C382A1681830021BD71 /* Project object */ = {
			isa = PBXProject;
			attributes = {
				BuildIndependentTargetsInParallel = 1;
				LastSwiftUpdateCheck = 1420;
				LastUpgradeCheck = 1420;
				TargetAttributes = {
					78714C3F2A1681830021BD71 = {
						CreatedOnToolsVersion = 14.2;
					};
					78714C4F2A1681840021BD71 = {
						CreatedOnToolsVersion = 14.2;
						TestTargetID = 78714C3F2A1681830021BD71;
					};
					78714C592A1681840021BD71 = {
						CreatedOnToolsVersion = 14.2;
						TestTargetID = 78714C3F2A1681830021BD71;
					};
				};
			};
			buildConfigurationList = 78714C3B2A1681830021BD71 /* Build configuration list for PBXProject "GridPuzzleChallenge" */;
			compatibilityVersion = "Xcode 14.0";
			developmentRegion = en;
			hasScannedForEncodings = 0;
			knownRegions = (
				en,
				Base,
			);
			mainGroup = 78714C372A1681830021BD71;
			productRefGroup = 78714C412A1681830021BD71 /* Products */;
			projectDirPath = "";
			projectRoot = "";
			targets = (
				78714C3F2A1681830021BD71 /* GridPuzzleChallenge */,
				78714C4F2A1681840021BD71 /* GridPuzzleChallengeTests */,
				78714C592A1681840021BD71 /* GridPuzzleChallengeUITests */,
			);
		};
/* End PBXProject section */

/* Begin PBXResourcesBuildPhase section */
		78714C3E2A1681830021BD71 /* Resources */ = {
			isa = PBXResourcesBuildPhase;
			buildActionMask = 2147483647;
			files = (
				78714C4B2A1681840021BD71 /* Preview Assets.xcassets in Resources */,
				78714C482A1681840021BD71 /* Assets.xcassets in Resources */,
			);
			runOnlyForDeploymentPostprocessing = 0;
		};
		78714C4E2A1681840021BD71 /* Resources */ = {
			isa = PBXResourcesBuildPhase;
			buildActionMask = 2147483647;
			files = (
			);
			runOnlyForDeploymentPostprocessing = 0;
		};
		78714C582A1681840021BD71 /* Resources */ = {
			isa = PBXResourcesBuildPhase;
			buildActionMask = 2147483647;
			files = (
			);
			runOnlyForDeploymentPostprocessing = 0;
		};
/* End PBXResourcesBuildPhase section */

/* Begin PBXSourcesBuildPhase section */
		78714C3C2A1681830021BD71 /* Sources */ = {
			isa = PBXSourcesBuildPhase;
			buildActionMask = 2147483647;
			files = (
				78714C462A1681830021BD71 /* ContentView.swift in Sources */,
				78714C442A1681830021BD71 /* GridPuzzleChallengeApp.swift in Sources */,
			);
			runOnlyForDeploymentPostprocessing = 0;
		};
		78714C4C2A1681840021BD71 /* Sources */ = {
			isa = PBXSourcesBuildPhase;
			buildActionMask = 2147483647;
			files = (
				78714C552A1681840021BD71 /* GridPuzzleChallengeTests.swift in Sources */,
			);
			runOnlyForDeploymentPostprocessing = 0;
		};
		78714C562A1681840021BD71 /* Sources */ = {
			isa = PBXSourcesBuildPhase;
			buildActionMask = 2147483647;
			files = (
				78714C612A1681840021BD71 /* GridPuzzleChallengeUITestsLaunchTests.swift in Sources */,
				78714C5F2A1681840021BD71 /* GridPuzzleChallengeUITests.swift in Sources */,
			);
			runOnlyForDeploymentPostprocessing = 0;
		};
/* End PBXSourcesBuildPhase section */

/* Begin PBXTargetDependency section */
		78714C522A1681840021BD71 /* PBXTargetDependency */ = {
			isa = PBXTargetDependency;
			target = 78714C3F2A1681830021BD71 /* GridPuzzleChallenge */;
			targetProxy = 78714C512A1681840021BD71 /* PBXContainerItemProxy */;
		};
		78714C5C2A1681840021BD71 /* PBXTargetDependency */ = {
			isa = PBXTargetDependency;
			target = 78714C3F2A1681830021BD71 /* GridPuzzleChallenge */;
			targetProxy = 78714C5B2A1681840021BD71 /* PBXContainerItemProxy */;
		};
/* End PBXTargetDependency section */

/* Begin XCBuildConfiguration section */
		78714C622A1681840021BD71 /* Debug */ = {
			isa = XCBuildConfiguration;
			buildSettings = {
				ALWAYS_SEARCH_USER_PATHS = NO;
				CLANG_ANALYZER_NONNULL = YES;
				CLANG_ANALYZER_NUMBER_OBJECT_CONVERSION = YES_AGGRESSIVE;
				CLANG_CXX_LANGUAGE_STANDARD = "gnu++20";
				CLANG_ENABLE_MODULES = YES;
				CLANG_ENABLE_OBJC_ARC = YES;
				CLANG_ENABLE_OBJC_WEAK = YES;
				CLANG_WARN_BLOCK_CAPTURE_AUTORELEASING = YES;
				CLANG_WARN_BOOL_CONVERSION = YES;
				CLANG_WARN_COMMA = YES;
				CLANG_WARN_CONSTANT_CONVERSION = YES;
				CLANG_WARN_DEPRECATED_OBJC_IMPLEMENTATIONS = YES;
				CLANG_WARN_DIRECT_OBJC_ISA_USAGE = YES_ERROR;
				CLANG_WARN_DOCUMENTATION_COMMENTS = YES;
				CLANG_WARN_EMPTY_BODY = YES;
				CLANG_WARN_ENUM_CONVERSION = YES;
				CLANG_WARN_INFINITE_RECURSION = YES;
				CLANG_WARN_INT_CONVERSION = YES;
				CLANG_WARN_NON_LITERAL_NULL_CONVERSION = YES;
				CLANG_WARN_OBJC_IMPLICIT_RETAIN_SELF = YES;
				CLANG_WARN_OBJC_LITERAL_CONVERSION = YES;
				CLANG_WARN_OBJC_ROOT_CLASS = YES_ERROR;
				CLANG_WARN_QUOTED_INCLUDE_IN_FRAMEWORK_HEADER = YES;
				CLANG_WARN_RANGE_LOOP_ANALYSIS = YES;
				CLANG_WARN_STRICT_PROTOTYPES = YES;
				CLANG_WARN_SUSPICIOUS_MOVE = YES;
				CLANG_WARN_UNGUARDED_AVAILABILITY = YES_AGGRESSIVE;
				CLANG_WARN_UNREACHABLE_CODE = YES;
				CLANG_WARN__DUPLICATE_METHOD_MATCH = YES;
				COPY_PHASE_STRIP = NO;
				DEBUG_INFORMATION_FORMAT = dwarf;
				ENABLE_STRICT_OBJC_MSGSEND = YES;
				ENABLE_TESTABILITY = YES;
				GCC_C_LANGUAGE_STANDARD = gnu11;
				GCC_DYNAMIC_NO_PIC = NO;
				GCC_NO_COMMON_BLOCKS = YES;
				GCC_OPTIMIZATION_LEVEL = 0;
				GCC_PREPROCESSOR_DEFINITIONS = (
					"DEBUG=1",
					"$(inherited)",
				);
				GCC_WARN_64_TO_32_BIT_CONVERSION = YES;
				GCC_WARN_ABOUT_RETURN_TYPE = YES_ERROR;
				GCC_WARN_UNDECLARED_SELECTOR = YES;
				GCC_WARN_UNINITIALIZED_AUTOS = YES_AGGRESSIVE;
				GCC_WARN_UNUSED_FUNCTION = YES;
				GCC_WARN_UNUSED_VARIABLE = YES;
				IPHONEOS_DEPLOYMENT_TARGET = 16.2;
				MTL_ENABLE_DEBUG_INFO = INCLUDE_SOURCE;
				MTL_FAST_MATH = YES;
				ONLY_ACTIVE_ARCH = YES;
				SDKROOT = iphoneos;
				SWIFT_ACTIVE_COMPILATION_CONDITIONS = DEBUG;
				SWIFT_OPTIMIZATION_LEVEL = "-Onone";
			};
			name = Debug;
		};
		78714C632A1681840021BD71 /* Release */ = {
			isa = XCBuildConfiguration;
			buildSettings = {
				ALWAYS_SEARCH_USER_PATHS = NO;
				CLANG_ANALYZER_NONNULL = YES;
				CLANG_ANALYZER_NUMBER_OBJECT_CONVERSION = YES_AGGRESSIVE;
				CLANG_CXX_LANGUAGE_STANDARD = "gnu++20";
				CLANG_ENABLE_MODULES = YES;
				CLANG_ENABLE_OBJC_ARC = YES;
				CLANG_ENABLE_OBJC_WEAK = YES;
				CLANG_WARN_BLOCK_CAPTURE_AUTORELEASING = YES;
				CLANG_WARN_BOOL_CONVERSION = YES;
				CLANG_WARN_COMMA = YES;
				CLANG_WARN_CONSTANT_CONVERSION = YES;
				CLANG_WARN_DEPRECATED_OBJC_IMPLEMENTATIONS = YES;
				CLANG_WARN_DIRECT_OBJC_ISA_USAGE = YES_ERROR;
				CLANG_WARN_DOCUMENTATION_COMMENTS = YES;
				CLANG_WARN_EMPTY_BODY = YES;
				CLANG_WARN_ENUM_CONVERSION = YES;
				CLANG_WARN_INFINITE_RECURSION = YES;
				CLANG_WARN_INT_CONVERSION = YES;
				CLANG_WARN_NON_LITERAL_NULL_CONVERSION = YES;
				CLANG_WARN_OBJC_IMPLICIT_RETAIN_SELF = YES;
				CLANG_WARN_OBJC_LITERAL_CONVERSION = YES;
				CLANG_WARN_OBJC_ROOT_CLASS = YES_ERROR;
				CLANG_WARN_QUOTED_INCLUDE_IN_FRAMEWORK_HEADER = YES;
				CLANG_WARN_RANGE_LOOP_ANALYSIS = YES;
				CLANG_WARN_STRICT_PROTOTYPES = YES;
				CLANG_WARN_SUSPICIOUS_MOVE = YES;
				CLANG_WARN_UNGUARDED_AVAILABILITY = YES_AGGRESSIVE;
				CLANG_WARN_UNREACHABLE_CODE = YES;
				CLANG_WARN__DUPLICATE_METHOD_MATCH = YES;
				COPY_PHASE_STRIP = NO;
				DEBUG_INFORMATION_FORMAT = "dwarf-with-dsym";
				ENABLE_NS_ASSERTIONS = NO;
				ENABLE_STRICT_OBJC_MSGSEND = YES;
				GCC_C_LANGUAGE_STANDARD = gnu11;
				GCC_NO_COMMON_BLOCKS = YES;
				GCC_WARN_64_TO_32_BIT_CONVERSION = YES;
				GCC_WARN_ABOUT_RETURN_TYPE = YES_ERROR;
				GCC_WARN_UNDECLARED_SELECTOR = YES;
				GCC_WARN_UNINITIALIZED_AUTOS = YES_AGGRESSIVE;
				GCC_WARN_UNUSED_FUNCTION = YES;
				GCC_WARN_UNUSED_VARIABLE = YES;
				IPHONEOS_DEPLOYMENT_TARGET = 16.2;
				MTL_ENABLE_DEBUG_INFO = NO;
				MTL_FAST_MATH = YES;
				SDKROOT = iphoneos;
				SWIFT_COMPILATION_MODE = wholemodule;
				SWIFT_OPTIMIZATION_LEVEL = "-O";
				VALIDATE_PRODUCT = YES;
			};
			name = Release;
		};
		78714C652A1681840021BD71 /* Debug */ = {
			isa = XCBuildConfiguration;
			buildSettings = {
				ASSETCATALOG_COMPILER_APPICON_NAME = AppIcon;
				ASSETCATALOG_COMPILER_GLOBAL_ACCENT_COLOR_NAME = AccentColor;
				CODE_SIGN_STYLE = Automatic;
				CURRENT_PROJECT_VERSION = 1;
				DEVELOPMENT_ASSET_PATHS = "\"GridPuzzleChallenge/Preview Content\"";
				ENABLE_PREVIEWS = YES;
				GENERATE_INFOPLIST_FILE = YES;
				INFOPLIST_KEY_UIApplicationSceneManifest_Generation = YES;
				INFOPLIST_KEY_UIApplicationSupportsIndirectInputEvents = YES;
				INFOPLIST_KEY_UILaunchScreen_Generation = YES;
				INFOPLIST_KEY_UISupportedInterfaceOrientations_iPad = "UIInterfaceOrientationPortrait UIInterfaceOrientationPortraitUpsideDown UIInterfaceOrientationLandscapeLeft UIInterfaceOrientationLandscapeRight";
				INFOPLIST_KEY_UISupportedInterfaceOrientations_iPhone = "UIInterfaceOrientationPortrait UIInterfaceOrientationLandscapeLeft UIInterfaceOrientationLandscapeRight";
				LD_RUNPATH_SEARCH_PATHS = (
					"$(inherited)",
					"@executable_path/Frameworks",
				);
				MARKETING_VERSION = 1.0;
				PRODUCT_BUNDLE_IDENTIFIER = com.project.GridPuzzleChallenge;
				PRODUCT_NAME = "$(TARGET_NAME)";
				SWIFT_EMIT_LOC_STRINGS = YES;
				SWIFT_VERSION = 5.0;
				TARGETED_DEVICE_FAMILY = "1,2";
			};
			name = Debug;
		};
		78714C662A1681840021BD71 /* Release */ = {
			isa = XCBuildConfiguration;
			buildSettings = {
				ASSETCATALOG_COMPILER_APPICON_NAME = AppIcon;
				ASSETCATALOG_COMPILER_GLOBAL_ACCENT_COLOR_NAME = AccentColor;
				CODE_SIGN_STYLE = Automatic;
				CURRENT_PROJECT_VERSION = 1;
				DEVELOPMENT_ASSET_PATHS = "\"GridPuzzleChallenge/Preview Content\"";
				ENABLE_PREVIEWS = YES;
				GENERATE_INFOPLIST_FILE = YES;
				INFOPLIST_KEY_UIApplicationSceneManifest_Generation = YES;
				INFOPLIST_KEY_UIApplicationSupportsIndirectInputEvents = YES;
				INFOPLIST_KEY_UILaunchScreen_Generation = YES;
				INFOPLIST_KEY_UISupportedInterfaceOrientations_iPad = "UIInterfaceOrientationPortrait UIInterfaceOrientationPortraitUpsideDown UIInterfaceOrientationLandscapeLeft UIInterfaceOrientationLandscapeRight";
				INFOPLIST_KEY_UISupportedInterfaceOrientations_iPhone = "UIInterfaceOrientationPortrait UIInterfaceOrientationLandscapeLeft UIInterfaceOrientationLandscapeRight";
				LD_RUNPATH_SEARCH_PATHS = (
					"$(inherited)",
					"@executable_path/Frameworks",
				);
				MARKETING_VERSION = 1.0;
				PRODUCT_BUNDLE_IDENTIFIER = com.project.GridPuzzleChallenge;
				PRODUCT_NAME = "$(TARGET_NAME)";
				SWIFT_EMIT_LOC_STRINGS = YES;
				SWIFT_VERSION = 5.0;
				TARGETED_DEVICE_FAMILY = "1,2";
			};
			name = Release;
		};
		78714C682A1681840021BD71 /* Debug */ = {
			isa = XCBuildConfiguration;
			buildSettings = {
				ALWAYS_EMBED_SWIFT_STANDARD_LIBRARIES = YES;
				BUNDLE_LOADER = "$(TEST_HOST)";
				CODE_SIGN_STYLE = Automatic;
				CURRENT_PROJECT_VERSION = 1;
				GENERATE_INFOPLIST_FILE = YES;
				IPHONEOS_DEPLOYMENT_TARGET = 16.2;
				MARKETING_VERSION = 1.0;
				PRODUCT_BUNDLE_IDENTIFIER = com.project.GridPuzzleChallengeTests;
				PRODUCT_NAME = "$(TARGET_NAME)";
				SWIFT_EMIT_LOC_STRINGS = NO;
				SWIFT_VERSION = 5.0;
				TARGETED_DEVICE_FAMILY = "1,2";
				TEST_HOST = "$(BUILT_PRODUCTS_DIR)/GridPuzzleChallenge.app/$(BUNDLE_EXECUTABLE_FOLDER_PATH)/GridPuzzleChallenge";
			};
			name = Debug;
		};
		78714C692A1681840021BD71 /* Release */ = {
			isa = XCBuildConfiguration;
			buildSettings = {
				ALWAYS_EMBED_SWIFT_STANDARD_LIBRARIES = YES;
				BUNDLE_LOADER = "$(TEST_HOST)";
				CODE_SIGN_STYLE = Automatic;
				CURRENT_PROJECT_VERSION = 1;
				GENERATE_INFOPLIST_FILE = YES;
				IPHONEOS_DEPLOYMENT_TARGET = 16.2;
				MARKETING_VERSION = 1.0;
				PRODUCT_BUNDLE_IDENTIFIER = com.project.GridPuzzleChallengeTests;
				PRODUCT_NAME = "$(TARGET_NAME)";
				SWIFT_EMIT_LOC_STRINGS = NO;
				SWIFT_VERSION = 5.0;
				TARGETED_DEVICE_FAMILY = "1,2";
				TEST_HOST = "$(BUILT_PRODUCTS_DIR)/GridPuzzleChallenge.app/$(BUNDLE_EXECUTABLE_FOLDER_PATH)/GridPuzzleChallenge";
			};
			name = Release;
		};
		78714C6B2A1681840021BD71 /* Debug */ = {
			isa = XCBuildConfiguration;
			buildSettings = {
				ALWAYS_EMBED_SWIFT_STANDARD_LIBRARIES = YES;
				CODE_SIGN_STYLE = Automatic;
				CURRENT_PROJECT_VERSION = 1;
				GENERATE_INFOPLIST_FILE = YES;
				MARKETING_VERSION = 1.0;
				PRODUCT_BUNDLE_IDENTIFIER = com.project.GridPuzzleChallengeUITests;
				PRODUCT_NAME = "$(TARGET_NAME)";
				SWIFT_EMIT_LOC_STRINGS = NO;
				SWIFT_VERSION = 5.0;
				TARGETED_DEVICE_FAMILY = "1,2";
				TEST_TARGET_NAME = GridPuzzleChallenge;
			};
			name = Debug;
		};
		78714C6C2A1681840021BD71 /* Release */ = {
			isa = XCBuildConfiguration;
			buildSettings = {
				ALWAYS_EMBED_SWIFT_STANDARD_LIBRARIES = YES;
				CODE_SIGN_STYLE = Automatic;
				CURRENT_PROJECT_VERSION = 1;
				GENERATE_INFOPLIST_FILE = YES;
				MARKETING_VERSION = 1.0;
				PRODUCT_BUNDLE_IDENTIFIER = com.project.GridPuzzleChallengeUITests;
				PRODUCT_NAME = "$(TARGET_NAME)";
				SWIFT_EMIT_LOC_STRINGS = NO;
				SWIFT_VERSION = 5.0;
				TARGETED_DEVICE_FAMILY = "1,2";
				TEST_TARGET_NAME = GridPuzzleChallenge;
			};
			name = Release;
		};
/* End XCBuildConfiguration section */

/* Begin XCConfigurationList section */
		78714C3B2A1681830021BD71 /* Build configuration list for PBXProject "GridPuzzleChallenge" */ = {
			isa = XCConfigurationList;
			buildConfigurations = (
				78714C622A1681840021BD71 /* Debug */,
				78714C632A1681840021BD71 /* Release */,
			);
			defaultConfigurationIsVisible = 0;
			defaultConfigurationName = Release;
		};
		78714C642A1681840021BD71 /* Build configuration list for PBXNativeTarget "GridPuzzleChallenge" */ = {
			isa = XCConfigurationList;
			buildConfigurations = (
				78714C652A1681840021BD71 /* Debug */,
				78714C662A1681840021BD71 /* Release */,
			);
			defaultConfigurationIsVisible = 0;
			defaultConfigurationName = Release;
		};
		78714C672A1681840021BD71 /* Build configuration list for PBXNativeTarget "GridPuzzleChallengeTests" */ = {
			isa = XCConfigurationList;
			buildConfigurations = (
				78714C682A1681840021BD71 /* Debug */,
				78714C692A1681840021BD71 /* Release */,
			);
			defaultConfigurationIsVisible = 0;
			defaultConfigurationName = Release;
		};
		78714C6A2A1681840021BD71 /* Build configuration list for PBXNativeTarget "GridPuzzleChallengeUITests" */ = {
			isa = XCConfigurationList;
			buildConfigurations = (
				78714C6B2A1681840021BD71 /* Debug */,
				78714C6C2A1681840021BD71 /* Release */,
			);
			defaultConfigurationIsVisible = 0;
			defaultConfigurationName = Release;
		};
/* End XCConfigurationList section */
	};
	rootObject = 78714C382A1681830021BD71 /* Project object */;
}
