// !$*UTF8*$!
{
	archiveVersion = 1;
	classes = {
	};
	objectVersion = 56;
	objects = {

/* Begin PBXBuildFile section */
		7826D3EB2A1B708A005507F2 /* CloudKitManager.swift in Sources */ = {isa = PBXBuildFile; fileRef = 7826D3EA2A1B708A005507F2 /* CloudKitManager.swift */; };
		7826D3ED2A1BC03E005507F2 /* CloudKitConfiguration.swift in Sources */ = {isa = PBXBuildFile; fileRef = 7826D3EC2A1BC03E005507F2 /* CloudKitConfiguration.swift */; };
		7826D3EF2A1BCE3F005507F2 /* DataUserModel.swift in Sources */ = {isa = PBXBuildFile; fileRef = 7826D3EE2A1BCE3F005507F2 /* DataUserModel.swift */; };
		7826D3F12A1C7CBE005507F2 /* LocationManager.swift in Sources */ = {isa = PBXBuildFile; fileRef = 7826D3F02A1C7CBE005507F2 /* LocationManager.swift */; };
		782C00062A176100002AB566 /* EmptyView.swift in Sources */ = {isa = PBXBuildFile; fileRef = 782C00052A176100002AB566 /* EmptyView.swift */; };
		782C00082A17611B002AB566 /* AppColors.swift in Sources */ = {isa = PBXBuildFile; fileRef = 782C00072A17611B002AB566 /* AppColors.swift */; };
		782CFFCE2A1716D1002AB566 /* GridPuzzleChallengeApp.swift in Sources */ = {isa = PBXBuildFile; fileRef = 782CFFCD2A1716D1002AB566 /* GridPuzzleChallengeApp.swift */; };
		782CFFD02A1716D1002AB566 /* ContentView.swift in Sources */ = {isa = PBXBuildFile; fileRef = 782CFFCF2A1716D1002AB566 /* ContentView.swift */; };
		782CFFD22A1716D2002AB566 /* Assets.xcassets in Resources */ = {isa = PBXBuildFile; fileRef = 782CFFD12A1716D2002AB566 /* Assets.xcassets */; };
		782CFFD52A1716D2002AB566 /* Preview Assets.xcassets in Resources */ = {isa = PBXBuildFile; fileRef = 782CFFD42A1716D2002AB566 /* Preview Assets.xcassets */; };
		782CFFDF2A1716D2002AB566 /* GridPuzzleChallengeTests.swift in Sources */ = {isa = PBXBuildFile; fileRef = 782CFFDE2A1716D2002AB566 /* GridPuzzleChallengeTests.swift */; };
		782CFFE92A1716D2002AB566 /* GridPuzzleChallengeUITests.swift in Sources */ = {isa = PBXBuildFile; fileRef = 782CFFE82A1716D2002AB566 /* GridPuzzleChallengeUITests.swift */; };
		782CFFEB2A1716D2002AB566 /* GridPuzzleChallengeUITestsLaunchTests.swift in Sources */ = {isa = PBXBuildFile; fileRef = 782CFFEA2A1716D2002AB566 /* GridPuzzleChallengeUITestsLaunchTests.swift */; };
		782E8B992A1DC2CC00BAE16D /* FirstLoginView.swift in Sources */ = {isa = PBXBuildFile; fileRef = 782E8B982A1DC2CC00BAE16D /* FirstLoginView.swift */; };
		782E8B9B2A1DC2FF00BAE16D /* MenuView.swift in Sources */ = {isa = PBXBuildFile; fileRef = 782E8B9A2A1DC2FF00BAE16D /* MenuView.swift */; };
/* End PBXBuildFile section */

/* Begin PBXContainerItemProxy section */
		782CFFDB2A1716D2002AB566 /* PBXContainerItemProxy */ = {
			isa = PBXContainerItemProxy;
			containerPortal = 782CFFC22A1716D1002AB566 /* Project object */;
			proxyType = 1;
			remoteGlobalIDString = 782CFFC92A1716D1002AB566;
			remoteInfo = GridPuzzleChallenge;
		};
		782CFFE52A1716D2002AB566 /* PBXContainerItemProxy */ = {
			isa = PBXContainerItemProxy;
			containerPortal = 782CFFC22A1716D1002AB566 /* Project object */;
			proxyType = 1;
			remoteGlobalIDString = 782CFFC92A1716D1002AB566;
			remoteInfo = GridPuzzleChallenge;
		};
/* End PBXContainerItemProxy section */

/* Begin PBXFileReference section */
		7826D3EA2A1B708A005507F2 /* CloudKitManager.swift */ = {isa = PBXFileReference; lastKnownFileType = sourcecode.swift; path = CloudKitManager.swift; sourceTree = "<group>"; };
		7826D3EC2A1BC03E005507F2 /* CloudKitConfiguration.swift */ = {isa = PBXFileReference; lastKnownFileType = sourcecode.swift; path = CloudKitConfiguration.swift; sourceTree = "<group>"; };
		7826D3EE2A1BCE3F005507F2 /* DataUserModel.swift */ = {isa = PBXFileReference; lastKnownFileType = sourcecode.swift; path = DataUserModel.swift; sourceTree = "<group>"; };
		7826D3F02A1C7CBE005507F2 /* LocationManager.swift */ = {isa = PBXFileReference; lastKnownFileType = sourcecode.swift; path = LocationManager.swift; sourceTree = "<group>"; };
		7826D3F22A1CBEDE005507F2 /* Info.plist */ = {isa = PBXFileReference; lastKnownFileType = text.plist; path = Info.plist; sourceTree = "<group>"; };
		782C00052A176100002AB566 /* EmptyView.swift */ = {isa = PBXFileReference; lastKnownFileType = sourcecode.swift; path = EmptyView.swift; sourceTree = "<group>"; };
		782C00072A17611B002AB566 /* AppColors.swift */ = {isa = PBXFileReference; lastKnownFileType = sourcecode.swift; path = AppColors.swift; sourceTree = "<group>"; };
		782CFFCA2A1716D1002AB566 /* GridPuzzleChallenge.app */ = {isa = PBXFileReference; explicitFileType = wrapper.application; includeInIndex = 0; path = GridPuzzleChallenge.app; sourceTree = BUILT_PRODUCTS_DIR; };
		782CFFCD2A1716D1002AB566 /* GridPuzzleChallengeApp.swift */ = {isa = PBXFileReference; lastKnownFileType = sourcecode.swift; path = GridPuzzleChallengeApp.swift; sourceTree = "<group>"; };
		782CFFCF2A1716D1002AB566 /* ContentView.swift */ = {isa = PBXFileReference; lastKnownFileType = sourcecode.swift; path = ContentView.swift; sourceTree = "<group>"; };
		782CFFD12A1716D2002AB566 /* Assets.xcassets */ = {isa = PBXFileReference; lastKnownFileType = folder.assetcatalog; path = Assets.xcassets; sourceTree = "<group>"; };
		782CFFD42A1716D2002AB566 /* Preview Assets.xcassets */ = {isa = PBXFileReference; lastKnownFileType = folder.assetcatalog; path = "Preview Assets.xcassets"; sourceTree = "<group>"; };
		782CFFDA2A1716D2002AB566 /* GridPuzzleChallengeTests.xctest */ = {isa = PBXFileReference; explicitFileType = wrapper.cfbundle; includeInIndex = 0; path = GridPuzzleChallengeTests.xctest; sourceTree = BUILT_PRODUCTS_DIR; };
		782CFFDE2A1716D2002AB566 /* GridPuzzleChallengeTests.swift */ = {isa = PBXFileReference; lastKnownFileType = sourcecode.swift; path = GridPuzzleChallengeTests.swift; sourceTree = "<group>"; };
		782CFFE42A1716D2002AB566 /* GridPuzzleChallengeUITests.xctest */ = {isa = PBXFileReference; explicitFileType = wrapper.cfbundle; includeInIndex = 0; path = GridPuzzleChallengeUITests.xctest; sourceTree = BUILT_PRODUCTS_DIR; };
		782CFFE82A1716D2002AB566 /* GridPuzzleChallengeUITests.swift */ = {isa = PBXFileReference; lastKnownFileType = sourcecode.swift; path = GridPuzzleChallengeUITests.swift; sourceTree = "<group>"; };
		782CFFEA2A1716D2002AB566 /* GridPuzzleChallengeUITestsLaunchTests.swift */ = {isa = PBXFileReference; lastKnownFileType = sourcecode.swift; path = GridPuzzleChallengeUITestsLaunchTests.swift; sourceTree = "<group>"; };
		782E8B982A1DC2CC00BAE16D /* FirstLoginView.swift */ = {isa = PBXFileReference; lastKnownFileType = sourcecode.swift; path = FirstLoginView.swift; sourceTree = "<group>"; };
		782E8B9A2A1DC2FF00BAE16D /* MenuView.swift */ = {isa = PBXFileReference; lastKnownFileType = sourcecode.swift; path = MenuView.swift; sourceTree = "<group>"; };
		78F544C32A1783E200810039 /* GridPuzzleChallenge.entitlements */ = {isa = PBXFileReference; lastKnownFileType = text.plist.entitlements; path = GridPuzzleChallenge.entitlements; sourceTree = "<group>"; };
/* End PBXFileReference section */

/* Begin PBXFrameworksBuildPhase section */
		782CFFC72A1716D1002AB566 /* Frameworks */ = {
			isa = PBXFrameworksBuildPhase;
			buildActionMask = 2147483647;
			files = (
			);
			runOnlyForDeploymentPostprocessing = 0;
		};
		782CFFD72A1716D2002AB566 /* Frameworks */ = {
			isa = PBXFrameworksBuildPhase;
			buildActionMask = 2147483647;
			files = (
			);
			runOnlyForDeploymentPostprocessing = 0;
		};
		782CFFE12A1716D2002AB566 /* Frameworks */ = {
			isa = PBXFrameworksBuildPhase;
			buildActionMask = 2147483647;
			files = (
			);
			runOnlyForDeploymentPostprocessing = 0;
		};
/* End PBXFrameworksBuildPhase section */

/* Begin PBXGroup section */
		782C00002A1760AA002AB566 /* Modifiers */ = {
			isa = PBXGroup;
			children = (
			);
			path = Modifiers;
			sourceTree = "<group>";
		};
		782C00012A1760B2002AB566 /* Components */ = {
			isa = PBXGroup;
			children = (
			);
			path = Components;
			sourceTree = "<group>";
		};
		782C00022A1760BE002AB566 /* Views */ = {
			isa = PBXGroup;
			children = (
				782C00052A176100002AB566 /* EmptyView.swift */,
			);
			path = Views;
			sourceTree = "<group>";
		};
		782C00092A176154002AB566 /* Menu */ = {
			isa = PBXGroup;
			children = (
				782C00142A17622A002AB566 /* Models */,
				782C00152A176230002AB566 /* ViewModels */,
				782C00162A17623A002AB566 /* Presenters */,
			);
			path = Menu;
			sourceTree = "<group>";
		};
		782C000A2A17619B002AB566 /* Puzzle */ = {
			isa = PBXGroup;
			children = (
				782C00112A1761F9002AB566 /* Models */,
				782C00122A176200002AB566 /* ViewModels */,
				782C00132A176217002AB566 /* Presenters */,
			);
			path = Puzzle;
			sourceTree = "<group>";
		};
		782C000B2A1761A6002AB566 /* Leaderboard */ = {
			isa = PBXGroup;
			children = (
				782C000C2A1761B4002AB566 /* Models */,
				782C000E2A1761C9002AB566 /* ViewModels */,
				782C00102A1761DA002AB566 /* Presenters */,
			);
			path = Leaderboard;
			sourceTree = "<group>";
		};
		782C000C2A1761B4002AB566 /* Models */ = {
			isa = PBXGroup;
			children = (
				7826D3EA2A1B708A005507F2 /* CloudKitManager.swift */,
				7826D3EC2A1BC03E005507F2 /* CloudKitConfiguration.swift */,
				7826D3EE2A1BCE3F005507F2 /* DataUserModel.swift */,
				7826D3F02A1C7CBE005507F2 /* LocationManager.swift */,
			);
			path = Models;
			sourceTree = "<group>";
		};
		782C000E2A1761C9002AB566 /* ViewModels */ = {
			isa = PBXGroup;
			children = (
			);
			path = ViewModels;
			sourceTree = "<group>";
		};
		782C00102A1761DA002AB566 /* Presenters */ = {
			isa = PBXGroup;
			children = (
			);
			path = Presenters;
			sourceTree = "<group>";
		};
		782C00112A1761F9002AB566 /* Models */ = {
			isa = PBXGroup;
			children = (
			);
			path = Models;
			sourceTree = "<group>";
		};
		782C00122A176200002AB566 /* ViewModels */ = {
			isa = PBXGroup;
			children = (
			);
			path = ViewModels;
			sourceTree = "<group>";
		};
		782C00132A176217002AB566 /* Presenters */ = {
			isa = PBXGroup;
			children = (
			);
			path = Presenters;
			sourceTree = "<group>";
		};
		782C00142A17622A002AB566 /* Models */ = {
			isa = PBXGroup;
			children = (
			);
			path = Models;
			sourceTree = "<group>";
		};
		782C00152A176230002AB566 /* ViewModels */ = {
			isa = PBXGroup;
			children = (
			);
			path = ViewModels;
			sourceTree = "<group>";
		};
		782C00162A17623A002AB566 /* Presenters */ = {
			isa = PBXGroup;
			children = (
				782CFFCF2A1716D1002AB566 /* ContentView.swift */,
				782E8B982A1DC2CC00BAE16D /* FirstLoginView.swift */,
				782E8B9A2A1DC2FF00BAE16D /* MenuView.swift */,
			);
			path = Presenters;
			sourceTree = "<group>";
		};
		782CFFC12A1716D1002AB566 = {
			isa = PBXGroup;
			children = (
				782CFFCC2A1716D1002AB566 /* GridPuzzleChallenge */,
				782CFFDD2A1716D2002AB566 /* GridPuzzleChallengeTests */,
				782CFFE72A1716D2002AB566 /* GridPuzzleChallengeUITests */,
				782CFFCB2A1716D1002AB566 /* Products */,
			);
			sourceTree = "<group>";
		};
		782CFFCB2A1716D1002AB566 /* Products */ = {
			isa = PBXGroup;
			children = (
				782CFFCA2A1716D1002AB566 /* GridPuzzleChallenge.app */,
				782CFFDA2A1716D2002AB566 /* GridPuzzleChallengeTests.xctest */,
				782CFFE42A1716D2002AB566 /* GridPuzzleChallengeUITests.xctest */,
			);
			name = Products;
			sourceTree = "<group>";
		};
		782CFFCC2A1716D1002AB566 /* GridPuzzleChallenge */ = {
			isa = PBXGroup;
			children = (
				7826D3F22A1CBEDE005507F2 /* Info.plist */,
				78F544C32A1783E200810039 /* GridPuzzleChallenge.entitlements */,
				782CFFF72A17600B002AB566 /* Application */,
				782CFFF92A17603A002AB566 /* Features */,
				782CFFF82A176034002AB566 /* Core */,
				782CFFD32A1716D2002AB566 /* Preview Content */,
			);
			path = GridPuzzleChallenge;
			sourceTree = "<group>";
		};
		782CFFD32A1716D2002AB566 /* Preview Content */ = {
			isa = PBXGroup;
			children = (
				782CFFD42A1716D2002AB566 /* Preview Assets.xcassets */,
			);
			path = "Preview Content";
			sourceTree = "<group>";
		};
		782CFFDD2A1716D2002AB566 /* GridPuzzleChallengeTests */ = {
			isa = PBXGroup;
			children = (
				782CFFDE2A1716D2002AB566 /* GridPuzzleChallengeTests.swift */,
			);
			path = GridPuzzleChallengeTests;
			sourceTree = "<group>";
		};
		782CFFE72A1716D2002AB566 /* GridPuzzleChallengeUITests */ = {
			isa = PBXGroup;
			children = (
				782CFFE82A1716D2002AB566 /* GridPuzzleChallengeUITests.swift */,
				782CFFEA2A1716D2002AB566 /* GridPuzzleChallengeUITestsLaunchTests.swift */,
			);
			path = GridPuzzleChallengeUITests;
			sourceTree = "<group>";
		};
		782CFFF72A17600B002AB566 /* Application */ = {
			isa = PBXGroup;
			children = (
				782CFFCD2A1716D1002AB566 /* GridPuzzleChallengeApp.swift */,
			);
			path = Application;
			sourceTree = "<group>";
		};
		782CFFF82A176034002AB566 /* Core */ = {
			isa = PBXGroup;
			children = (
				782CFFFD2A176087002AB566 /* Themes */,
				782CFFFC2A176074002AB566 /* Extension */,
				782CFFFB2A176065002AB566 /* Resources */,
				782CFFFA2A176055002AB566 /* Cloudkit */,
			);
			path = Core;
			sourceTree = "<group>";
		};
		782CFFF92A17603A002AB566 /* Features */ = {
			isa = PBXGroup;
			children = (
				782C00092A176154002AB566 /* Menu */,
				782C000A2A17619B002AB566 /* Puzzle */,
				782C000B2A1761A6002AB566 /* Leaderboard */,
			);
			path = Features;
			sourceTree = "<group>";
		};
		782CFFFA2A176055002AB566 /* Cloudkit */ = {
			isa = PBXGroup;
			children = (
			);
			path = Cloudkit;
			sourceTree = "<group>";
		};
		782CFFFB2A176065002AB566 /* Resources */ = {
			isa = PBXGroup;
			children = (
				782CFFD12A1716D2002AB566 /* Assets.xcassets */,
			);
			path = Resources;
			sourceTree = "<group>";
		};
		782CFFFC2A176074002AB566 /* Extension */ = {
			isa = PBXGroup;
			children = (
			);
			path = Extension;
			sourceTree = "<group>";
		};
		782CFFFD2A176087002AB566 /* Themes */ = {
			isa = PBXGroup;
			children = (
				782CFFFE2A176094002AB566 /* Colors */,
				782CFFFF2A17609E002AB566 /* Presenters */,
			);
			path = Themes;
			sourceTree = "<group>";
		};
		782CFFFE2A176094002AB566 /* Colors */ = {
			isa = PBXGroup;
			children = (
				782C00072A17611B002AB566 /* AppColors.swift */,
			);
			path = Colors;
			sourceTree = "<group>";
		};
		782CFFFF2A17609E002AB566 /* Presenters */ = {
			isa = PBXGroup;
			children = (
				782C00022A1760BE002AB566 /* Views */,
				782C00012A1760B2002AB566 /* Components */,
				782C00002A1760AA002AB566 /* Modifiers */,
			);
			path = Presenters;
			sourceTree = "<group>";
		};
/* End PBXGroup section */

/* Begin PBXNativeTarget section */
		782CFFC92A1716D1002AB566 /* GridPuzzleChallenge */ = {
			isa = PBXNativeTarget;
			buildConfigurationList = 782CFFEE2A1716D2002AB566 /* Build configuration list for PBXNativeTarget "GridPuzzleChallenge" */;
			buildPhases = (
				782CFFC62A1716D1002AB566 /* Sources */,
				782CFFC72A1716D1002AB566 /* Frameworks */,
				782CFFC82A1716D1002AB566 /* Resources */,
			);
			buildRules = (
			);
			dependencies = (
			);
			name = GridPuzzleChallenge;
			productName = GridPuzzleChallenge;
			productReference = 782CFFCA2A1716D1002AB566 /* GridPuzzleChallenge.app */;
			productType = "com.apple.product-type.application";
		};
		782CFFD92A1716D2002AB566 /* GridPuzzleChallengeTests */ = {
			isa = PBXNativeTarget;
			buildConfigurationList = 782CFFF12A1716D2002AB566 /* Build configuration list for PBXNativeTarget "GridPuzzleChallengeTests" */;
			buildPhases = (
				782CFFD62A1716D2002AB566 /* Sources */,
				782CFFD72A1716D2002AB566 /* Frameworks */,
				782CFFD82A1716D2002AB566 /* Resources */,
			);
			buildRules = (
			);
			dependencies = (
				782CFFDC2A1716D2002AB566 /* PBXTargetDependency */,
			);
			name = GridPuzzleChallengeTests;
			productName = GridPuzzleChallengeTests;
			productReference = 782CFFDA2A1716D2002AB566 /* GridPuzzleChallengeTests.xctest */;
			productType = "com.apple.product-type.bundle.unit-test";
		};
		782CFFE32A1716D2002AB566 /* GridPuzzleChallengeUITests */ = {
			isa = PBXNativeTarget;
			buildConfigurationList = 782CFFF42A1716D2002AB566 /* Build configuration list for PBXNativeTarget "GridPuzzleChallengeUITests" */;
			buildPhases = (
				782CFFE02A1716D2002AB566 /* Sources */,
				782CFFE12A1716D2002AB566 /* Frameworks */,
				782CFFE22A1716D2002AB566 /* Resources */,
			);
			buildRules = (
			);
			dependencies = (
				782CFFE62A1716D2002AB566 /* PBXTargetDependency */,
			);
			name = GridPuzzleChallengeUITests;
			productName = GridPuzzleChallengeUITests;
			productReference = 782CFFE42A1716D2002AB566 /* GridPuzzleChallengeUITests.xctest */;
			productType = "com.apple.product-type.bundle.ui-testing";
		};
/* End PBXNativeTarget section */

/* Begin PBXProject section */
		782CFFC22A1716D1002AB566 /* Project object */ = {
			isa = PBXProject;
			attributes = {
				BuildIndependentTargetsInParallel = 1;
				LastSwiftUpdateCheck = 1420;
				LastUpgradeCheck = 1420;
				TargetAttributes = {
					782CFFC92A1716D1002AB566 = {
						CreatedOnToolsVersion = 14.2;
					};
					782CFFD92A1716D2002AB566 = {
						CreatedOnToolsVersion = 14.2;
						TestTargetID = 782CFFC92A1716D1002AB566;
					};
					782CFFE32A1716D2002AB566 = {
						CreatedOnToolsVersion = 14.2;
						TestTargetID = 782CFFC92A1716D1002AB566;
					};
				};
			};
			buildConfigurationList = 782CFFC52A1716D1002AB566 /* Build configuration list for PBXProject "GridPuzzleChallenge" */;
			compatibilityVersion = "Xcode 14.0";
			developmentRegion = en;
			hasScannedForEncodings = 0;
			knownRegions = (
				en,
				Base,
			);
			mainGroup = 782CFFC12A1716D1002AB566;
			productRefGroup = 782CFFCB2A1716D1002AB566 /* Products */;
			projectDirPath = "";
			projectRoot = "";
			targets = (
				782CFFC92A1716D1002AB566 /* GridPuzzleChallenge */,
				782CFFD92A1716D2002AB566 /* GridPuzzleChallengeTests */,
				782CFFE32A1716D2002AB566 /* GridPuzzleChallengeUITests */,
			);
		};
/* End PBXProject section */

/* Begin PBXResourcesBuildPhase section */
		782CFFC82A1716D1002AB566 /* Resources */ = {
			isa = PBXResourcesBuildPhase;
			buildActionMask = 2147483647;
			files = (
				782CFFD52A1716D2002AB566 /* Preview Assets.xcassets in Resources */,
				782CFFD22A1716D2002AB566 /* Assets.xcassets in Resources */,
			);
			runOnlyForDeploymentPostprocessing = 0;
		};
		782CFFD82A1716D2002AB566 /* Resources */ = {
			isa = PBXResourcesBuildPhase;
			buildActionMask = 2147483647;
			files = (
			);
			runOnlyForDeploymentPostprocessing = 0;
		};
		782CFFE22A1716D2002AB566 /* Resources */ = {
			isa = PBXResourcesBuildPhase;
			buildActionMask = 2147483647;
			files = (
			);
			runOnlyForDeploymentPostprocessing = 0;
		};
/* End PBXResourcesBuildPhase section */

/* Begin PBXSourcesBuildPhase section */
		782CFFC62A1716D1002AB566 /* Sources */ = {
			isa = PBXSourcesBuildPhase;
			buildActionMask = 2147483647;
			files = (
				782CFFD02A1716D1002AB566 /* ContentView.swift in Sources */,
				782E8B992A1DC2CC00BAE16D /* FirstLoginView.swift in Sources */,
				782C00082A17611B002AB566 /* AppColors.swift in Sources */,
				782C00062A176100002AB566 /* EmptyView.swift in Sources */,
				7826D3EF2A1BCE3F005507F2 /* DataUserModel.swift in Sources */,
				782E8B9B2A1DC2FF00BAE16D /* MenuView.swift in Sources */,
				7826D3F12A1C7CBE005507F2 /* LocationManager.swift in Sources */,
				782CFFCE2A1716D1002AB566 /* GridPuzzleChallengeApp.swift in Sources */,
				7826D3EB2A1B708A005507F2 /* CloudKitManager.swift in Sources */,
				7826D3ED2A1BC03E005507F2 /* CloudKitConfiguration.swift in Sources */,
			);
			runOnlyForDeploymentPostprocessing = 0;
		};
		782CFFD62A1716D2002AB566 /* Sources */ = {
			isa = PBXSourcesBuildPhase;
			buildActionMask = 2147483647;
			files = (
				782CFFDF2A1716D2002AB566 /* GridPuzzleChallengeTests.swift in Sources */,
			);
			runOnlyForDeploymentPostprocessing = 0;
		};
		782CFFE02A1716D2002AB566 /* Sources */ = {
			isa = PBXSourcesBuildPhase;
			buildActionMask = 2147483647;
			files = (
				782CFFEB2A1716D2002AB566 /* GridPuzzleChallengeUITestsLaunchTests.swift in Sources */,
				782CFFE92A1716D2002AB566 /* GridPuzzleChallengeUITests.swift in Sources */,
			);
			runOnlyForDeploymentPostprocessing = 0;
		};
/* End PBXSourcesBuildPhase section */

/* Begin PBXTargetDependency section */
		782CFFDC2A1716D2002AB566 /* PBXTargetDependency */ = {
			isa = PBXTargetDependency;
			target = 782CFFC92A1716D1002AB566 /* GridPuzzleChallenge */;
			targetProxy = 782CFFDB2A1716D2002AB566 /* PBXContainerItemProxy */;
		};
		782CFFE62A1716D2002AB566 /* PBXTargetDependency */ = {
			isa = PBXTargetDependency;
			target = 782CFFC92A1716D1002AB566 /* GridPuzzleChallenge */;
			targetProxy = 782CFFE52A1716D2002AB566 /* PBXContainerItemProxy */;
		};
/* End PBXTargetDependency section */

/* Begin XCBuildConfiguration section */
		782CFFEC2A1716D2002AB566 /* Debug */ = {
			isa = XCBuildConfiguration;
			buildSettings = {
				ALWAYS_SEARCH_USER_PATHS = NO;
				CLANG_ANALYZER_NONNULL = YES;
				CLANG_ANALYZER_NUMBER_OBJECT_CONVERSION = YES_AGGRESSIVE;
				CLANG_CXX_LANGUAGE_STANDARD = "gnu++20";
				CLANG_ENABLE_MODULES = YES;
				CLANG_ENABLE_OBJC_ARC = YES;
				CLANG_ENABLE_OBJC_WEAK = YES;
				CLANG_WARN_BLOCK_CAPTURE_AUTORELEASING = YES;
				CLANG_WARN_BOOL_CONVERSION = YES;
				CLANG_WARN_COMMA = YES;
				CLANG_WARN_CONSTANT_CONVERSION = YES;
				CLANG_WARN_DEPRECATED_OBJC_IMPLEMENTATIONS = YES;
				CLANG_WARN_DIRECT_OBJC_ISA_USAGE = YES_ERROR;
				CLANG_WARN_DOCUMENTATION_COMMENTS = YES;
				CLANG_WARN_EMPTY_BODY = YES;
				CLANG_WARN_ENUM_CONVERSION = YES;
				CLANG_WARN_INFINITE_RECURSION = YES;
				CLANG_WARN_INT_CONVERSION = YES;
				CLANG_WARN_NON_LITERAL_NULL_CONVERSION = YES;
				CLANG_WARN_OBJC_IMPLICIT_RETAIN_SELF = YES;
				CLANG_WARN_OBJC_LITERAL_CONVERSION = YES;
				CLANG_WARN_OBJC_ROOT_CLASS = YES_ERROR;
				CLANG_WARN_QUOTED_INCLUDE_IN_FRAMEWORK_HEADER = YES;
				CLANG_WARN_RANGE_LOOP_ANALYSIS = YES;
				CLANG_WARN_STRICT_PROTOTYPES = YES;
				CLANG_WARN_SUSPICIOUS_MOVE = YES;
				CLANG_WARN_UNGUARDED_AVAILABILITY = YES_AGGRESSIVE;
				CLANG_WARN_UNREACHABLE_CODE = YES;
				CLANG_WARN__DUPLICATE_METHOD_MATCH = YES;
				COPY_PHASE_STRIP = NO;
				DEBUG_INFORMATION_FORMAT = dwarf;
				ENABLE_STRICT_OBJC_MSGSEND = YES;
				ENABLE_TESTABILITY = YES;
				GCC_C_LANGUAGE_STANDARD = gnu11;
				GCC_DYNAMIC_NO_PIC = NO;
				GCC_NO_COMMON_BLOCKS = YES;
				GCC_OPTIMIZATION_LEVEL = 0;
				GCC_PREPROCESSOR_DEFINITIONS = (
					"DEBUG=1",
					"$(inherited)",
				);
				GCC_WARN_64_TO_32_BIT_CONVERSION = YES;
				GCC_WARN_ABOUT_RETURN_TYPE = YES_ERROR;
				GCC_WARN_UNDECLARED_SELECTOR = YES;
				GCC_WARN_UNINITIALIZED_AUTOS = YES_AGGRESSIVE;
				GCC_WARN_UNUSED_FUNCTION = YES;
				GCC_WARN_UNUSED_VARIABLE = YES;
				IPHONEOS_DEPLOYMENT_TARGET = 16.2;
				MTL_ENABLE_DEBUG_INFO = INCLUDE_SOURCE;
				MTL_FAST_MATH = YES;
				ONLY_ACTIVE_ARCH = YES;
				SDKROOT = iphoneos;
				SWIFT_ACTIVE_COMPILATION_CONDITIONS = DEBUG;
				SWIFT_OPTIMIZATION_LEVEL = "-Onone";
			};
			name = Debug;
		};
		782CFFED2A1716D2002AB566 /* Release */ = {
			isa = XCBuildConfiguration;
			buildSettings = {
				ALWAYS_SEARCH_USER_PATHS = NO;
				CLANG_ANALYZER_NONNULL = YES;
				CLANG_ANALYZER_NUMBER_OBJECT_CONVERSION = YES_AGGRESSIVE;
				CLANG_CXX_LANGUAGE_STANDARD = "gnu++20";
				CLANG_ENABLE_MODULES = YES;
				CLANG_ENABLE_OBJC_ARC = YES;
				CLANG_ENABLE_OBJC_WEAK = YES;
				CLANG_WARN_BLOCK_CAPTURE_AUTORELEASING = YES;
				CLANG_WARN_BOOL_CONVERSION = YES;
				CLANG_WARN_COMMA = YES;
				CLANG_WARN_CONSTANT_CONVERSION = YES;
				CLANG_WARN_DEPRECATED_OBJC_IMPLEMENTATIONS = YES;
				CLANG_WARN_DIRECT_OBJC_ISA_USAGE = YES_ERROR;
				CLANG_WARN_DOCUMENTATION_COMMENTS = YES;
				CLANG_WARN_EMPTY_BODY = YES;
				CLANG_WARN_ENUM_CONVERSION = YES;
				CLANG_WARN_INFINITE_RECURSION = YES;
				CLANG_WARN_INT_CONVERSION = YES;
				CLANG_WARN_NON_LITERAL_NULL_CONVERSION = YES;
				CLANG_WARN_OBJC_IMPLICIT_RETAIN_SELF = YES;
				CLANG_WARN_OBJC_LITERAL_CONVERSION = YES;
				CLANG_WARN_OBJC_ROOT_CLASS = YES_ERROR;
				CLANG_WARN_QUOTED_INCLUDE_IN_FRAMEWORK_HEADER = YES;
				CLANG_WARN_RANGE_LOOP_ANALYSIS = YES;
				CLANG_WARN_STRICT_PROTOTYPES = YES;
				CLANG_WARN_SUSPICIOUS_MOVE = YES;
				CLANG_WARN_UNGUARDED_AVAILABILITY = YES_AGGRESSIVE;
				CLANG_WARN_UNREACHABLE_CODE = YES;
				CLANG_WARN__DUPLICATE_METHOD_MATCH = YES;
				COPY_PHASE_STRIP = NO;
				DEBUG_INFORMATION_FORMAT = "dwarf-with-dsym";
				ENABLE_NS_ASSERTIONS = NO;
				ENABLE_STRICT_OBJC_MSGSEND = YES;
				GCC_C_LANGUAGE_STANDARD = gnu11;
				GCC_NO_COMMON_BLOCKS = YES;
				GCC_WARN_64_TO_32_BIT_CONVERSION = YES;
				GCC_WARN_ABOUT_RETURN_TYPE = YES_ERROR;
				GCC_WARN_UNDECLARED_SELECTOR = YES;
				GCC_WARN_UNINITIALIZED_AUTOS = YES_AGGRESSIVE;
				GCC_WARN_UNUSED_FUNCTION = YES;
				GCC_WARN_UNUSED_VARIABLE = YES;
				IPHONEOS_DEPLOYMENT_TARGET = 16.2;
				MTL_ENABLE_DEBUG_INFO = NO;
				MTL_FAST_MATH = YES;
				SDKROOT = iphoneos;
				SWIFT_COMPILATION_MODE = wholemodule;
				SWIFT_OPTIMIZATION_LEVEL = "-O";
				VALIDATE_PRODUCT = YES;
			};
			name = Release;
		};
		782CFFEF2A1716D2002AB566 /* Debug */ = {
			isa = XCBuildConfiguration;
			buildSettings = {
				ASSETCATALOG_COMPILER_APPICON_NAME = AppIcon;
				ASSETCATALOG_COMPILER_GLOBAL_ACCENT_COLOR_NAME = AccentColor;
				CODE_SIGN_ENTITLEMENTS = GridPuzzleChallenge/GridPuzzleChallenge.entitlements;
				CODE_SIGN_IDENTITY = "Apple Development";
				CODE_SIGN_STYLE = Automatic;
				CURRENT_PROJECT_VERSION = 1;
				DEVELOPMENT_ASSET_PATHS = "\"GridPuzzleChallenge/Preview Content\"";
				DEVELOPMENT_TEAM = ATHR44FBVZ;
				ENABLE_PREVIEWS = YES;
				GENERATE_INFOPLIST_FILE = YES;
				INFOPLIST_FILE = GridPuzzleChallenge/Info.plist;
				INFOPLIST_KEY_CFBundleDisplayName = GridPuzzleChallenge;
				INFOPLIST_KEY_NSLocationAlwaysAndWhenInUseUsageDescription = "This app need to access your location";
				INFOPLIST_KEY_NSLocationWhenInUseUsageDescription = "This app need to access your location";
				INFOPLIST_KEY_UIApplicationSceneManifest_Generation = YES;
				INFOPLIST_KEY_UIApplicationSupportsIndirectInputEvents = YES;
				INFOPLIST_KEY_UILaunchScreen_Generation = YES;
				INFOPLIST_KEY_UISupportedInterfaceOrientations_iPad = "UIInterfaceOrientationPortrait UIInterfaceOrientationPortraitUpsideDown UIInterfaceOrientationLandscapeLeft UIInterfaceOrientationLandscapeRight";
				INFOPLIST_KEY_UISupportedInterfaceOrientations_iPhone = "UIInterfaceOrientationPortrait UIInterfaceOrientationLandscapeLeft UIInterfaceOrientationLandscapeRight";
				LD_RUNPATH_SEARCH_PATHS = (
					"$(inherited)",
					"@executable_path/Frameworks",
				);
				MARKETING_VERSION = 1.0;
				PRODUCT_BUNDLE_IDENTIFIER = com.muhammadathief.GridPuzzleChallenge;
				PRODUCT_NAME = "$(TARGET_NAME)";
				PROVISIONING_PROFILE_SPECIFIER = "";
				SWIFT_EMIT_LOC_STRINGS = YES;
				SWIFT_VERSION = 5.0;
				TARGETED_DEVICE_FAMILY = "1,2";
			};
			name = Debug;
		};
		782CFFF02A1716D2002AB566 /* Release */ = {
			isa = XCBuildConfiguration;
			buildSettings = {
				ASSETCATALOG_COMPILER_APPICON_NAME = AppIcon;
				ASSETCATALOG_COMPILER_GLOBAL_ACCENT_COLOR_NAME = AccentColor;
				CODE_SIGN_ENTITLEMENTS = GridPuzzleChallenge/GridPuzzleChallenge.entitlements;
				CODE_SIGN_IDENTITY = "Apple Development";
				CODE_SIGN_STYLE = Automatic;
				CURRENT_PROJECT_VERSION = 1;
				DEVELOPMENT_ASSET_PATHS = "\"GridPuzzleChallenge/Preview Content\"";
				DEVELOPMENT_TEAM = ATHR44FBVZ;
				ENABLE_PREVIEWS = YES;
				GENERATE_INFOPLIST_FILE = YES;
				INFOPLIST_FILE = GridPuzzleChallenge/Info.plist;
				INFOPLIST_KEY_CFBundleDisplayName = GridPuzzleChallenge;
				INFOPLIST_KEY_NSLocationAlwaysAndWhenInUseUsageDescription = "This app need to access your location";
				INFOPLIST_KEY_NSLocationWhenInUseUsageDescription = "This app need to access your location";
				INFOPLIST_KEY_UIApplicationSceneManifest_Generation = YES;
				INFOPLIST_KEY_UIApplicationSupportsIndirectInputEvents = YES;
				INFOPLIST_KEY_UILaunchScreen_Generation = YES;
				INFOPLIST_KEY_UISupportedInterfaceOrientations_iPad = "UIInterfaceOrientationPortrait UIInterfaceOrientationPortraitUpsideDown UIInterfaceOrientationLandscapeLeft UIInterfaceOrientationLandscapeRight";
				INFOPLIST_KEY_UISupportedInterfaceOrientations_iPhone = "UIInterfaceOrientationPortrait UIInterfaceOrientationLandscapeLeft UIInterfaceOrientationLandscapeRight";
				LD_RUNPATH_SEARCH_PATHS = (
					"$(inherited)",
					"@executable_path/Frameworks",
				);
				MARKETING_VERSION = 1.0;
				PRODUCT_BUNDLE_IDENTIFIER = com.muhammadathief.GridPuzzleChallenge;
				PRODUCT_NAME = "$(TARGET_NAME)";
				PROVISIONING_PROFILE_SPECIFIER = "";
				SWIFT_EMIT_LOC_STRINGS = YES;
				SWIFT_VERSION = 5.0;
				TARGETED_DEVICE_FAMILY = "1,2";
			};
			name = Release;
		};
		782CFFF22A1716D2002AB566 /* Debug */ = {
			isa = XCBuildConfiguration;
			buildSettings = {
				ALWAYS_EMBED_SWIFT_STANDARD_LIBRARIES = YES;
				BUNDLE_LOADER = "$(TEST_HOST)";
				CODE_SIGN_STYLE = Automatic;
				CURRENT_PROJECT_VERSION = 1;
				DEVELOPMENT_TEAM = ATHR44FBVZ;
				GENERATE_INFOPLIST_FILE = YES;
				IPHONEOS_DEPLOYMENT_TARGET = 16.2;
				MARKETING_VERSION = 1.0;
				PRODUCT_BUNDLE_IDENTIFIER = com.appledev.GridPuzzleChallengeTests;
				PRODUCT_NAME = "$(TARGET_NAME)";
				SWIFT_EMIT_LOC_STRINGS = NO;
				SWIFT_VERSION = 5.0;
				TARGETED_DEVICE_FAMILY = "1,2";
				TEST_HOST = "$(BUILT_PRODUCTS_DIR)/GridPuzzleChallenge.app/$(BUNDLE_EXECUTABLE_FOLDER_PATH)/GridPuzzleChallenge";
			};
			name = Debug;
		};
		782CFFF32A1716D2002AB566 /* Release */ = {
			isa = XCBuildConfiguration;
			buildSettings = {
				ALWAYS_EMBED_SWIFT_STANDARD_LIBRARIES = YES;
				BUNDLE_LOADER = "$(TEST_HOST)";
				CODE_SIGN_STYLE = Automatic;
				CURRENT_PROJECT_VERSION = 1;
				DEVELOPMENT_TEAM = ATHR44FBVZ;
				GENERATE_INFOPLIST_FILE = YES;
				IPHONEOS_DEPLOYMENT_TARGET = 16.2;
				MARKETING_VERSION = 1.0;
				PRODUCT_BUNDLE_IDENTIFIER = com.appledev.GridPuzzleChallengeTests;
				PRODUCT_NAME = "$(TARGET_NAME)";
				SWIFT_EMIT_LOC_STRINGS = NO;
				SWIFT_VERSION = 5.0;
				TARGETED_DEVICE_FAMILY = "1,2";
				TEST_HOST = "$(BUILT_PRODUCTS_DIR)/GridPuzzleChallenge.app/$(BUNDLE_EXECUTABLE_FOLDER_PATH)/GridPuzzleChallenge";
			};
			name = Release;
		};
		782CFFF52A1716D2002AB566 /* Debug */ = {
			isa = XCBuildConfiguration;
			buildSettings = {
				ALWAYS_EMBED_SWIFT_STANDARD_LIBRARIES = YES;
				CODE_SIGN_STYLE = Automatic;
				CURRENT_PROJECT_VERSION = 1;
				DEVELOPMENT_TEAM = ATHR44FBVZ;
				GENERATE_INFOPLIST_FILE = YES;
				MARKETING_VERSION = 1.0;
				PRODUCT_BUNDLE_IDENTIFIER = com.appledev.GridPuzzleChallengeUITests;
				PRODUCT_NAME = "$(TARGET_NAME)";
				SWIFT_EMIT_LOC_STRINGS = NO;
				SWIFT_VERSION = 5.0;
				TARGETED_DEVICE_FAMILY = "1,2";
				TEST_TARGET_NAME = GridPuzzleChallenge;
			};
			name = Debug;
		};
		782CFFF62A1716D2002AB566 /* Release */ = {
			isa = XCBuildConfiguration;
			buildSettings = {
				ALWAYS_EMBED_SWIFT_STANDARD_LIBRARIES = YES;
				CODE_SIGN_STYLE = Automatic;
				CURRENT_PROJECT_VERSION = 1;
				DEVELOPMENT_TEAM = ATHR44FBVZ;
				GENERATE_INFOPLIST_FILE = YES;
				MARKETING_VERSION = 1.0;
				PRODUCT_BUNDLE_IDENTIFIER = com.appledev.GridPuzzleChallengeUITests;
				PRODUCT_NAME = "$(TARGET_NAME)";
				SWIFT_EMIT_LOC_STRINGS = NO;
				SWIFT_VERSION = 5.0;
				TARGETED_DEVICE_FAMILY = "1,2";
				TEST_TARGET_NAME = GridPuzzleChallenge;
			};
			name = Release;
		};
/* End XCBuildConfiguration section */

/* Begin XCConfigurationList section */
		782CFFC52A1716D1002AB566 /* Build configuration list for PBXProject "GridPuzzleChallenge" */ = {
			isa = XCConfigurationList;
			buildConfigurations = (
				782CFFEC2A1716D2002AB566 /* Debug */,
				782CFFED2A1716D2002AB566 /* Release */,
			);
			defaultConfigurationIsVisible = 0;
			defaultConfigurationName = Release;
		};
		782CFFEE2A1716D2002AB566 /* Build configuration list for PBXNativeTarget "GridPuzzleChallenge" */ = {
			isa = XCConfigurationList;
			buildConfigurations = (
				782CFFEF2A1716D2002AB566 /* Debug */,
				782CFFF02A1716D2002AB566 /* Release */,
			);
			defaultConfigurationIsVisible = 0;
			defaultConfigurationName = Release;
		};
		782CFFF12A1716D2002AB566 /* Build configuration list for PBXNativeTarget "GridPuzzleChallengeTests" */ = {
			isa = XCConfigurationList;
			buildConfigurations = (
				782CFFF22A1716D2002AB566 /* Debug */,
				782CFFF32A1716D2002AB566 /* Release */,
			);
			defaultConfigurationIsVisible = 0;
			defaultConfigurationName = Release;
		};
		782CFFF42A1716D2002AB566 /* Build configuration list for PBXNativeTarget "GridPuzzleChallengeUITests" */ = {
			isa = XCConfigurationList;
			buildConfigurations = (
				782CFFF52A1716D2002AB566 /* Debug */,
				782CFFF62A1716D2002AB566 /* Release */,
			);
			defaultConfigurationIsVisible = 0;
			defaultConfigurationName = Release;
		};
/* End XCConfigurationList section */
	};
	rootObject = 782CFFC22A1716D1002AB566 /* Project object */;
}
